// !$*UTF8*$!
{
	archiveVersion = 1;
	classes = {
	};
	objectVersion = 46;
	objects = {

/* Begin PBXBuildFile section */
		06FDA4661D1FF32C00B992C2 /* Utility.swift in Sources */ = {isa = PBXBuildFile; fileRef = 06FDA4651D1FF32C00B992C2 /* Utility.swift */; };
		DE3DD0561D125E03003E32C7 /* UIView+Rounded.swift in Sources */ = {isa = PBXBuildFile; fileRef = DE3DD0551D125E03003E32C7 /* UIView+Rounded.swift */; };
		DECA9E041D124ADE00AF8909 /* AppDelegate.swift in Sources */ = {isa = PBXBuildFile; fileRef = DECA9E031D124ADE00AF8909 /* AppDelegate.swift */; };
		DECA9E061D124ADE00AF8909 /* ViewController.swift in Sources */ = {isa = PBXBuildFile; fileRef = DECA9E051D124ADE00AF8909 /* ViewController.swift */; };
		DECA9E091D124ADE00AF8909 /* Main.storyboard in Resources */ = {isa = PBXBuildFile; fileRef = DECA9E071D124ADE00AF8909 /* Main.storyboard */; };
		DECA9E0B1D124ADE00AF8909 /* Assets.xcassets in Resources */ = {isa = PBXBuildFile; fileRef = DECA9E0A1D124ADE00AF8909 /* Assets.xcassets */; };
		DECA9E191D124ADE00AF8909 /* swipeToRedeemUITests.swift in Sources */ = {isa = PBXBuildFile; fileRef = DECA9E181D124ADE00AF8909 /* swipeToRedeemUITests.swift */; };
/* End PBXBuildFile section */

/* Begin PBXContainerItemProxy section */
		DECA9E151D124ADE00AF8909 /* PBXContainerItemProxy */ = {
			isa = PBXContainerItemProxy;
			containerPortal = DECA9DF81D124ADE00AF8909 /* Project object */;
			proxyType = 1;
			remoteGlobalIDString = DECA9DFF1D124ADE00AF8909;
			remoteInfo = swipeToRedeem;
		};
/* End PBXContainerItemProxy section */

/* Begin PBXFileReference section */
		06FDA4651D1FF32C00B992C2 /* Utility.swift */ = {isa = PBXFileReference; fileEncoding = 4; lastKnownFileType = sourcecode.swift; path = Utility.swift; sourceTree = "<group>"; };
		DE3DD0551D125E03003E32C7 /* UIView+Rounded.swift */ = {isa = PBXFileReference; fileEncoding = 4; lastKnownFileType = sourcecode.swift; path = "UIView+Rounded.swift"; sourceTree = "<group>"; };
		DECA9E001D124ADE00AF8909 /* swipeToRedeem.app */ = {isa = PBXFileReference; explicitFileType = wrapper.application; includeInIndex = 0; path = swipeToRedeem.app; sourceTree = BUILT_PRODUCTS_DIR; };
		DECA9E031D124ADE00AF8909 /* AppDelegate.swift */ = {isa = PBXFileReference; lastKnownFileType = sourcecode.swift; path = AppDelegate.swift; sourceTree = "<group>"; };
		DECA9E051D124ADE00AF8909 /* ViewController.swift */ = {isa = PBXFileReference; lastKnownFileType = sourcecode.swift; path = ViewController.swift; sourceTree = "<group>"; };
		DECA9E081D124ADE00AF8909 /* Base */ = {isa = PBXFileReference; lastKnownFileType = file.storyboard; name = Base; path = Base.lproj/Main.storyboard; sourceTree = "<group>"; };
		DECA9E0A1D124ADE00AF8909 /* Assets.xcassets */ = {isa = PBXFileReference; lastKnownFileType = folder.assetcatalog; path = Assets.xcassets; sourceTree = "<group>"; };
		DECA9E0F1D124ADE00AF8909 /* Info.plist */ = {isa = PBXFileReference; lastKnownFileType = text.plist.xml; path = Info.plist; sourceTree = "<group>"; };
		DECA9E141D124ADE00AF8909 /* swipeToRedeemUITests.xctest */ = {isa = PBXFileReference; explicitFileType = wrapper.cfbundle; includeInIndex = 0; path = swipeToRedeemUITests.xctest; sourceTree = BUILT_PRODUCTS_DIR; };
		DECA9E181D124ADE00AF8909 /* swipeToRedeemUITests.swift */ = {isa = PBXFileReference; lastKnownFileType = sourcecode.swift; path = swipeToRedeemUITests.swift; sourceTree = "<group>"; };
		DECA9E1A1D124ADE00AF8909 /* Info.plist */ = {isa = PBXFileReference; lastKnownFileType = text.plist.xml; path = Info.plist; sourceTree = "<group>"; };
/* End PBXFileReference section */

/* Begin PBXFrameworksBuildPhase section */
		DECA9DFD1D124ADE00AF8909 /* Frameworks */ = {
			isa = PBXFrameworksBuildPhase;
			buildActionMask = 2147483647;
			files = (
			);
			runOnlyForDeploymentPostprocessing = 0;
		};
		DECA9E111D124ADE00AF8909 /* Frameworks */ = {
			isa = PBXFrameworksBuildPhase;
			buildActionMask = 2147483647;
			files = (
			);
			runOnlyForDeploymentPostprocessing = 0;
		};
/* End PBXFrameworksBuildPhase section */

/* Begin PBXGroup section */
		DE3DD0541D125DEB003E32C7 /* Extensions */ = {
			isa = PBXGroup;
			children = (
				DE3DD0551D125E03003E32C7 /* UIView+Rounded.swift */,
				06FDA4651D1FF32C00B992C2 /* Utility.swift */,
			);
			path = Extensions;
			sourceTree = "<group>";
		};
		DECA9DF71D124ADE00AF8909 = {
			isa = PBXGroup;
			children = (
				DECA9E021D124ADE00AF8909 /* swipeToRedeem */,
				DECA9E171D124ADE00AF8909 /* swipeToRedeemUITests */,
				DECA9E011D124ADE00AF8909 /* Products */,
			);
			sourceTree = "<group>";
		};
		DECA9E011D124ADE00AF8909 /* Products */ = {
			isa = PBXGroup;
			children = (
				DECA9E001D124ADE00AF8909 /* swipeToRedeem.app */,
				DECA9E141D124ADE00AF8909 /* swipeToRedeemUITests.xctest */,
			);
			name = Products;
			sourceTree = "<group>";
		};
		DECA9E021D124ADE00AF8909 /* swipeToRedeem */ = {
			isa = PBXGroup;
			children = (
				DE3DD0541D125DEB003E32C7 /* Extensions */,
				DECA9E031D124ADE00AF8909 /* AppDelegate.swift */,
				DECA9E051D124ADE00AF8909 /* ViewController.swift */,
				DECA9E071D124ADE00AF8909 /* Main.storyboard */,
				DECA9E0A1D124ADE00AF8909 /* Assets.xcassets */,
				DECA9E0F1D124ADE00AF8909 /* Info.plist */,
			);
			path = swipeToRedeem;
			sourceTree = "<group>";
		};
		DECA9E171D124ADE00AF8909 /* swipeToRedeemUITests */ = {
			isa = PBXGroup;
			children = (
				DECA9E181D124ADE00AF8909 /* swipeToRedeemUITests.swift */,
				DECA9E1A1D124ADE00AF8909 /* Info.plist */,
			);
			path = swipeToRedeemUITests;
			sourceTree = "<group>";
		};
/* End PBXGroup section */

/* Begin PBXNativeTarget section */
		DECA9DFF1D124ADE00AF8909 /* swipeToRedeem */ = {
			isa = PBXNativeTarget;
			buildConfigurationList = DECA9E1D1D124ADE00AF8909 /* Build configuration list for PBXNativeTarget "swipeToRedeem" */;
			buildPhases = (
				DECA9DFC1D124ADE00AF8909 /* Sources */,
				DECA9DFD1D124ADE00AF8909 /* Frameworks */,
				DECA9DFE1D124ADE00AF8909 /* Resources */,
			);
			buildRules = (
			);
			dependencies = (
			);
			name = swipeToRedeem;
			productName = swipeToRedeem;
			productReference = DECA9E001D124ADE00AF8909 /* swipeToRedeem.app */;
			productType = "com.apple.product-type.application";
		};
		DECA9E131D124ADE00AF8909 /* swipeToRedeemUITests */ = {
			isa = PBXNativeTarget;
			buildConfigurationList = DECA9E201D124ADE00AF8909 /* Build configuration list for PBXNativeTarget "swipeToRedeemUITests" */;
			buildPhases = (
				DECA9E101D124ADE00AF8909 /* Sources */,
				DECA9E111D124ADE00AF8909 /* Frameworks */,
				DECA9E121D124ADE00AF8909 /* Resources */,
			);
			buildRules = (
			);
			dependencies = (
				DECA9E161D124ADE00AF8909 /* PBXTargetDependency */,
			);
			name = swipeToRedeemUITests;
			productName = swipeToRedeemUITests;
			productReference = DECA9E141D124ADE00AF8909 /* swipeToRedeemUITests.xctest */;
			productType = "com.apple.product-type.bundle.ui-testing";
		};
/* End PBXNativeTarget section */

/* Begin PBXProject section */
		DECA9DF81D124ADE00AF8909 /* Project object */ = {
			isa = PBXProject;
			attributes = {
				LastSwiftUpdateCheck = 0730;
				LastUpgradeCheck = 0730;
				ORGANIZATIONNAME = Sweatshop;
				TargetAttributes = {
					DECA9DFF1D124ADE00AF8909 = {
						CreatedOnToolsVersion = 7.3;
					};
					DECA9E131D124ADE00AF8909 = {
						CreatedOnToolsVersion = 7.3;
						TestTargetID = DECA9DFF1D124ADE00AF8909;
					};
				};
			};
			buildConfigurationList = DECA9DFB1D124ADE00AF8909 /* Build configuration list for PBXProject "swipeToRedeem" */;
			compatibilityVersion = "Xcode 3.2";
			developmentRegion = English;
			hasScannedForEncodings = 0;
			knownRegions = (
				en,
				Base,
			);
			mainGroup = DECA9DF71D124ADE00AF8909;
			productRefGroup = DECA9E011D124ADE00AF8909 /* Products */;
			projectDirPath = "";
			projectRoot = "";
			targets = (
				DECA9DFF1D124ADE00AF8909 /* swipeToRedeem */,
				DECA9E131D124ADE00AF8909 /* swipeToRedeemUITests */,
			);
		};
/* End PBXProject section */

/* Begin PBXResourcesBuildPhase section */
		DECA9DFE1D124ADE00AF8909 /* Resources */ = {
			isa = PBXResourcesBuildPhase;
			buildActionMask = 2147483647;
			files = (
				DECA9E0B1D124ADE00AF8909 /* Assets.xcassets in Resources */,
				DECA9E091D124ADE00AF8909 /* Main.storyboard in Resources */,
			);
			runOnlyForDeploymentPostprocessing = 0;
		};
		DECA9E121D124ADE00AF8909 /* Resources */ = {
			isa = PBXResourcesBuildPhase;
			buildActionMask = 2147483647;
			files = (
			);
			runOnlyForDeploymentPostprocessing = 0;
		};
/* End PBXResourcesBuildPhase section */

/* Begin PBXSourcesBuildPhase section */
		DECA9DFC1D124ADE00AF8909 /* Sources */ = {
			isa = PBXSourcesBuildPhase;
			buildActionMask = 2147483647;
			files = (
				06FDA4661D1FF32C00B992C2 /* Utility.swift in Sources */,
				DECA9E061D124ADE00AF8909 /* ViewController.swift in Sources */,
				DECA9E041D124ADE00AF8909 /* AppDelegate.swift in Sources */,
				DE3DD0561D125E03003E32C7 /* UIView+Rounded.swift in Sources */,
			);
			runOnlyForDeploymentPostprocessing = 0;
		};
		DECA9E101D124ADE00AF8909 /* Sources */ = {
			isa = PBXSourcesBuildPhase;
			buildActionMask = 2147483647;
			files = (
				DECA9E191D124ADE00AF8909 /* swipeToRedeemUITests.swift in Sources */,
			);
			runOnlyForDeploymentPostprocessing = 0;
		};
/* End PBXSourcesBuildPhase section */

/* Begin PBXTargetDependency section */
		DECA9E161D124ADE00AF8909 /* PBXTargetDependency */ = {
			isa = PBXTargetDependency;
			target = DECA9DFF1D124ADE00AF8909 /* swipeToRedeem */;
			targetProxy = DECA9E151D124ADE00AF8909 /* PBXContainerItemProxy */;
		};
/* End PBXTargetDependency section */

/* Begin PBXVariantGroup section */
		DECA9E071D124ADE00AF8909 /* Main.storyboard */ = {
			isa = PBXVariantGroup;
			children = (
				DECA9E081D124ADE00AF8909 /* Base */,
			);
			name = Main.storyboard;
			sourceTree = "<group>";
		};
/* End PBXVariantGroup section */

/* Begin XCBuildConfiguration section */
		DECA9E1B1D124ADE00AF8909 /* Debug */ = {
			isa = XCBuildConfiguration;
			buildSettings = {
				ALWAYS_SEARCH_USER_PATHS = NO;
				CLANG_ANALYZER_NONNULL = YES;
				CLANG_CXX_LANGUAGE_STANDARD = "gnu++0x";
				CLANG_CXX_LIBRARY = "libc++";
				CLANG_ENABLE_MODULES = YES;
				CLANG_ENABLE_OBJC_ARC = YES;
				CLANG_WARN_BOOL_CONVERSION = YES;
				CLANG_WARN_CONSTANT_CONVERSION = YES;
				CLANG_WARN_DIRECT_OBJC_ISA_USAGE = YES_ERROR;
				CLANG_WARN_EMPTY_BODY = YES;
				CLANG_WARN_ENUM_CONVERSION = YES;
				CLANG_WARN_INT_CONVERSION = YES;
				CLANG_WARN_OBJC_ROOT_CLASS = YES_ERROR;
				CLANG_WARN_UNREACHABLE_CODE = YES;
				CLANG_WARN__DUPLICATE_METHOD_MATCH = YES;
				"CODE_SIGN_IDENTITY[sdk=iphoneos*]" = "iPhone Developer";
				COPY_PHASE_STRIP = NO;
				DEBUG_INFORMATION_FORMAT = dwarf;
				ENABLE_STRICT_OBJC_MSGSEND = YES;
				ENABLE_TESTABILITY = YES;
				GCC_C_LANGUAGE_STANDARD = gnu99;
				GCC_DYNAMIC_NO_PIC = NO;
				GCC_NO_COMMON_BLOCKS = YES;
				GCC_OPTIMIZATION_LEVEL = 0;
				GCC_PREPROCESSOR_DEFINITIONS = (
					"DEBUG=1",
					"$(inherited)",
				);
				GCC_WARN_64_TO_32_BIT_CONVERSION = YES;
				GCC_WARN_ABOUT_RETURN_TYPE = YES_ERROR;
				GCC_WARN_UNDECLARED_SELECTOR = YES;
				GCC_WARN_UNINITIALIZED_AUTOS = YES_AGGRESSIVE;
				GCC_WARN_UNUSED_FUNCTION = YES;
				GCC_WARN_UNUSED_VARIABLE = YES;
				IPHONEOS_DEPLOYMENT_TARGET = 9.3;
				MTL_ENABLE_DEBUG_INFO = YES;
				ONLY_ACTIVE_ARCH = YES;
				SDKROOT = iphoneos;
				SWIFT_OPTIMIZATION_LEVEL = "-Onone";
			};
			name = Debug;
		};
		DECA9E1C1D124ADE00AF8909 /* Release */ = {
			isa = XCBuildConfiguration;
			buildSettings = {
				ALWAYS_SEARCH_USER_PATHS = NO;
				CLANG_ANALYZER_NONNULL = YES;
				CLANG_CXX_LANGUAGE_STANDARD = "gnu++0x";
				CLANG_CXX_LIBRARY = "libc++";
				CLANG_ENABLE_MODULES = YES;
				CLANG_ENABLE_OBJC_ARC = YES;
				CLANG_WARN_BOOL_CONVERSION = YES;
				CLANG_WARN_CONSTANT_CONVERSION = YES;
				CLANG_WARN_DIRECT_OBJC_ISA_USAGE = YES_ERROR;
				CLANG_WARN_EMPTY_BODY = YES;
				CLANG_WARN_ENUM_CONVERSION = YES;
				CLANG_WARN_INT_CONVERSION = YES;
				CLANG_WARN_OBJC_ROOT_CLASS = YES_ERROR;
				CLANG_WARN_UNREACHABLE_CODE = YES;
				CLANG_WARN__DUPLICATE_METHOD_MATCH = YES;
				"CODE_SIGN_IDENTITY[sdk=iphoneos*]" = "iPhone Developer";
				COPY_PHASE_STRIP = NO;
				DEBUG_INFORMATION_FORMAT = "dwarf-with-dsym";
				ENABLE_NS_ASSERTIONS = NO;
				ENABLE_STRICT_OBJC_MSGSEND = YES;
				GCC_C_LANGUAGE_STANDARD = gnu99;
				GCC_NO_COMMON_BLOCKS = YES;
				GCC_WARN_64_TO_32_BIT_CONVERSION = YES;
				GCC_WARN_ABOUT_RETURN_TYPE = YES_ERROR;
				GCC_WARN_UNDECLARED_SELECTOR = YES;
				GCC_WARN_UNINITIALIZED_AUTOS = YES_AGGRESSIVE;
				GCC_WARN_UNUSED_FUNCTION = YES;
				GCC_WARN_UNUSED_VARIABLE = YES;
				IPHONEOS_DEPLOYMENT_TARGET = 9.3;
				MTL_ENABLE_DEBUG_INFO = NO;
				SDKROOT = iphoneos;
				VALIDATE_PRODUCT = YES;
			};
			name = Release;
		};
		DECA9E1E1D124ADE00AF8909 /* Debug */ = {
			isa = XCBuildConfiguration;
			buildSettings = {
				ASSETCATALOG_COMPILER_APPICON_NAME = AppIcon;
				INFOPLIST_FILE = swipeToRedeem/Info.plist;
				LD_RUNPATH_SEARCH_PATHS = "$(inherited) @executable_path/Frameworks";
				PRODUCT_BUNDLE_IDENTIFIER = in.sweatshop.swipeToRedeem;
				PRODUCT_NAME = "$(TARGET_NAME)";
			};
			name = Debug;
		};
		DECA9E1F1D124ADE00AF8909 /* Release */ = {
			isa = XCBuildConfiguration;
			buildSettings = {
				ASSETCATALOG_COMPILER_APPICON_NAME = AppIcon;
				INFOPLIST_FILE = swipeToRedeem/Info.plist;
				LD_RUNPATH_SEARCH_PATHS = "$(inherited) @executable_path/Frameworks";
				PRODUCT_BUNDLE_IDENTIFIER = in.sweatshop.swipeToRedeem;
				PRODUCT_NAME = "$(TARGET_NAME)";
			};
			name = Release;
		};
		DECA9E211D124ADE00AF8909 /* Debug */ = {
			isa = XCBuildConfiguration;
			buildSettings = {
				INFOPLIST_FILE = swipeToRedeemUITests/Info.plist;
				LD_RUNPATH_SEARCH_PATHS = "$(inherited) @executable_path/Frameworks @loader_path/Frameworks";
				PRODUCT_BUNDLE_IDENTIFIER = in.sweatshop.swipeToRedeemUITests;
				PRODUCT_NAME = "$(TARGET_NAME)";
				TEST_TARGET_NAME = swipeToRedeem;
			};
			name = Debug;
		};
		DECA9E221D124ADE00AF8909 /* Release */ = {
			isa = XCBuildConfiguration;
			buildSettings = {
				INFOPLIST_FILE = swipeToRedeemUITests/Info.plist;
				LD_RUNPATH_SEARCH_PATHS = "$(inherited) @executable_path/Frameworks @loader_path/Frameworks";
				PRODUCT_BUNDLE_IDENTIFIER = in.sweatshop.swipeToRedeemUITests;
				PRODUCT_NAME = "$(TARGET_NAME)";
				TEST_TARGET_NAME = swipeToRedeem;
			};
			name = Release;
		};
/* End XCBuildConfiguration section */

/* Begin XCConfigurationList section */
		DECA9DFB1D124ADE00AF8909 /* Build configuration list for PBXProject "swipeToRedeem" */ = {
			isa = XCConfigurationList;
			buildConfigurations = (
				DECA9E1B1D124ADE00AF8909 /* Debug */,
				DECA9E1C1D124ADE00AF8909 /* Release */,
			);
			defaultConfigurationIsVisible = 0;
			defaultConfigurationName = Release;
		};
		DECA9E1D1D124ADE00AF8909 /* Build configuration list for PBXNativeTarget "swipeToRedeem" */ = {
			isa = XCConfigurationList;
			buildConfigurations = (
				DECA9E1E1D124ADE00AF8909 /* Debug */,
				DECA9E1F1D124ADE00AF8909 /* Release */,
			);
			defaultConfigurationIsVisible = 0;
			defaultConfigurationName = Release;
		};
		DECA9E201D124ADE00AF8909 /* Build configuration list for PBXNativeTarget "swipeToRedeemUITests" */ = {
			isa = XCConfigurationList;
			buildConfigurations = (
				DECA9E211D124ADE00AF8909 /* Debug */,
				DECA9E221D124ADE00AF8909 /* Release */,
			);
			defaultConfigurationIsVisible = 0;
			defaultConfigurationName = Release;
		};
/* End XCConfigurationList section */
	};
	rootObject = DECA9DF81D124ADE00AF8909 /* Project object */;
}
